
Microsoft Visual Studio Solution File, Format Version 12.00
# Visual Studio Version 16
VisualStudioVersion = 16.0.29728.190
MinimumVisualStudioVersion = 10.0.40219.1
Project("{9A19103F-16F7-4668-BE54-9A1E7A4F7556}") = "BiohazardExample", "BiohazardExample\BiohazardExample.csproj", "{4F83E2BD-100D-450B-B9FA-D1FD36D70D76}"
EndProject
Global
	GlobalSection(SolutionConfigurationPlatforms) = preSolution
		Debug|Any CPU = Debug|Any CPU
		Release|Any CPU = Release|Any CPU
	EndGlobalSection
	GlobalSection(ProjectConfigurationPlatforms) = postSolution
		{4F83E2BD-100D-450B-B9FA-D1FD36D70D76}.Debug|Any CPU.ActiveCfg = Debug|Any CPU
		{4F83E2BD-100D-450B-B9FA-D1FD36D70D76}.Debug|Any CPU.Build.0 = Debug|Any CPU
		{4F83E2BD-100D-450B-B9FA-D1FD36D70D76}.Release|Any CPU.ActiveCfg = Release|Any CPU
		{4F83E2BD-100D-450B-B9FA-D1FD36D70D76}.Release|Any CPU.Build.0 = Release|Any CPU
	EndGlobalSection
	GlobalSection(SolutionProperties) = preSolution
		HideSolutionNode = FALSE
	EndGlobalSection
	GlobalSection(ExtensibilityGlobals) = postSolution
		SolutionGuid = {F3C3EAFA-380A-4230-AD9B-3FC0B3289071}
	EndGlobalSection
EndGlobal
